
Microsoft Visual Studio Solution File, Format Version 12.00
Project("{FAE04EC0-301F-11D3-BF4B-00C04F79EFBC}") = "Api", "src\Api\Api.csproj", "{F6CDFA5A-6D21-4824-A803-CE82BD26D6B5}"
EndProject
Project("{FAE04EC0-301F-11D3-BF4B-00C04F79EFBC}") = "Domain", "src\Domain\Domain.csproj", "{52793A0E-7C68-45AD-A151-DCC9B3537006}"
EndProject
Project("{FAE04EC0-301F-11D3-BF4B-00C04F79EFBC}") = "Infrastructure", "src\Infrastructure\Infrastructure.csproj", "{B17BE53A-4CBC-448B-BBA6-795ED88F6B66}"
EndProject
Project("{FAE04EC0-301F-11D3-BF4B-00C04F79EFBC}") = "Application", "src\Application\Application.csproj", "{61BFA79C-91C2-4343-8072-4306BC1081B2}"
EndProject
Global
	GlobalSection(SolutionConfigurationPlatforms) = preSolution
		Debug|Any CPU = Debug|Any CPU
		Release|Any CPU = Release|Any CPU
	EndGlobalSection
	GlobalSection(ProjectConfigurationPlatforms) = postSolution
		{F6CDFA5A-6D21-4824-A803-CE82BD26D6B5}.Debug|Any CPU.ActiveCfg = Debug|Any CPU
		{F6CDFA5A-6D21-4824-A803-CE82BD26D6B5}.Debug|Any CPU.Build.0 = Debug|Any CPU
		{F6CDFA5A-6D21-4824-A803-CE82BD26D6B5}.Release|Any CPU.ActiveCfg = Release|Any CPU
		{F6CDFA5A-6D21-4824-A803-CE82BD26D6B5}.Release|Any CPU.Build.0 = Release|Any CPU
		{52793A0E-7C68-45AD-A151-DCC9B3537006}.Debug|Any CPU.ActiveCfg = Debug|Any CPU
		{52793A0E-7C68-45AD-A151-DCC9B3537006}.Debug|Any CPU.Build.0 = Debug|Any CPU
		{52793A0E-7C68-45AD-A151-DCC9B3537006}.Release|Any CPU.ActiveCfg = Release|Any CPU
		{52793A0E-7C68-45AD-A151-DCC9B3537006}.Release|Any CPU.Build.0 = Release|Any CPU
		{B17BE53A-4CBC-448B-BBA6-795ED88F6B66}.Debug|Any CPU.ActiveCfg = Debug|Any CPU
		{B17BE53A-4CBC-448B-BBA6-795ED88F6B66}.Debug|Any CPU.Build.0 = Debug|Any CPU
		{B17BE53A-4CBC-448B-BBA6-795ED88F6B66}.Release|Any CPU.ActiveCfg = Release|Any CPU
		{B17BE53A-4CBC-448B-BBA6-795ED88F6B66}.Release|Any CPU.Build.0 = Release|Any CPU
		{61BFA79C-91C2-4343-8072-4306BC1081B2}.Debug|Any CPU.ActiveCfg = Debug|Any CPU
		{61BFA79C-91C2-4343-8072-4306BC1081B2}.Debug|Any CPU.Build.0 = Debug|Any CPU
		{61BFA79C-91C2-4343-8072-4306BC1081B2}.Release|Any CPU.ActiveCfg = Release|Any CPU
		{61BFA79C-91C2-4343-8072-4306BC1081B2}.Release|Any CPU.Build.0 = Release|Any CPU
	EndGlobalSection
EndGlobal
