
Microsoft Visual Studio Solution File, Format Version 12.00
# Visual Studio Version 17
VisualStudioVersion = 17.5.002.0
MinimumVisualStudioVersion = 10.0.40219.1
Project("{9A19103F-16F7-4668-BE54-9A1E7A4F7556}") = "Api", "Api\Api.csproj", "{C908F47E-7DA1-4C09-AF61-3621E29ACC34}"
EndProject
Project("{9A19103F-16F7-4668-BE54-9A1E7A4F7556}") = "GuardClauses", "GuardClauses\GuardClauses.csproj", "{385502BD-31B7-49AF-850E-F03AB1E2EB9E}"
EndProject
Project("{9A19103F-16F7-4668-BE54-9A1E7A4F7556}") = "Domain", "Domain\Domain.csproj", "{10158FF1-331E-4090-900E-CF2CEE49B5ED}"
EndProject
Project("{9A19103F-16F7-4668-BE54-9A1E7A4F7556}") = "Infrastructure", "Infrastructure\Infrastructure.csproj", "{7C6EA64C-38DF-462E-818F-4B331B60CAC8}"
EndProject
Project("{9A19103F-16F7-4668-BE54-9A1E7A4F7556}") = "Application", "Application\Application.csproj", "{3ECA9C7D-5264-412C-9EFD-537DDCE2F22C}"
EndProject
Global
	GlobalSection(SolutionConfigurationPlatforms) = preSolution
		Debug|Any CPU = Debug|Any CPU
		Release|Any CPU = Release|Any CPU
	EndGlobalSection
	GlobalSection(ProjectConfigurationPlatforms) = postSolution
		{C908F47E-7DA1-4C09-AF61-3621E29ACC34}.Debug|Any CPU.ActiveCfg = Debug|Any CPU
		{C908F47E-7DA1-4C09-AF61-3621E29ACC34}.Debug|Any CPU.Build.0 = Debug|Any CPU
		{C908F47E-7DA1-4C09-AF61-3621E29ACC34}.Release|Any CPU.ActiveCfg = Release|Any CPU
		{C908F47E-7DA1-4C09-AF61-3621E29ACC34}.Release|Any CPU.Build.0 = Release|Any CPU
		{385502BD-31B7-49AF-850E-F03AB1E2EB9E}.Debug|Any CPU.ActiveCfg = Debug|Any CPU
		{385502BD-31B7-49AF-850E-F03AB1E2EB9E}.Debug|Any CPU.Build.0 = Debug|Any CPU
		{385502BD-31B7-49AF-850E-F03AB1E2EB9E}.Release|Any CPU.ActiveCfg = Release|Any CPU
		{385502BD-31B7-49AF-850E-F03AB1E2EB9E}.Release|Any CPU.Build.0 = Release|Any CPU
		{10158FF1-331E-4090-900E-CF2CEE49B5ED}.Debug|Any CPU.ActiveCfg = Debug|Any CPU
		{10158FF1-331E-4090-900E-CF2CEE49B5ED}.Debug|Any CPU.Build.0 = Debug|Any CPU
		{10158FF1-331E-4090-900E-CF2CEE49B5ED}.Release|Any CPU.ActiveCfg = Release|Any CPU
		{10158FF1-331E-4090-900E-CF2CEE49B5ED}.Release|Any CPU.Build.0 = Release|Any CPU
		{7C6EA64C-38DF-462E-818F-4B331B60CAC8}.Debug|Any CPU.ActiveCfg = Debug|Any CPU
		{7C6EA64C-38DF-462E-818F-4B331B60CAC8}.Debug|Any CPU.Build.0 = Debug|Any CPU
		{7C6EA64C-38DF-462E-818F-4B331B60CAC8}.Release|Any CPU.ActiveCfg = Release|Any CPU
		{7C6EA64C-38DF-462E-818F-4B331B60CAC8}.Release|Any CPU.Build.0 = Release|Any CPU
		{3ECA9C7D-5264-412C-9EFD-537DDCE2F22C}.Debug|Any CPU.ActiveCfg = Debug|Any CPU
		{3ECA9C7D-5264-412C-9EFD-537DDCE2F22C}.Debug|Any CPU.Build.0 = Debug|Any CPU
		{3ECA9C7D-5264-412C-9EFD-537DDCE2F22C}.Release|Any CPU.ActiveCfg = Release|Any CPU
		{3ECA9C7D-5264-412C-9EFD-537DDCE2F22C}.Release|Any CPU.Build.0 = Release|Any CPU
	EndGlobalSection
	GlobalSection(SolutionProperties) = preSolution
		HideSolutionNode = FALSE
	EndGlobalSection
	GlobalSection(ExtensibilityGlobals) = postSolution
		SolutionGuid = {C179317A-73A5-4B6B-8759-464AED65FF63}
	EndGlobalSection
EndGlobal
